
Microsoft Visual Studio Solution File, Format Version 12.00
# Visual Studio Version 17
VisualStudioVersion = 17.10.35201.131
MinimumVisualStudioVersion = 10.0.40219.1
Project("{FAE04EC0-301F-11D3-BF4B-00C04F79EFBC}") = "FoodDeliver_API", "FoodDeliver_API\FoodDeliver_API.csproj", "{FF1105A9-E6FF-463C-AFC6-CBE6AA601113}"
EndProject
Global
	GlobalSection(SolutionConfigurationPlatforms) = preSolution
		Debug|Any CPU = Debug|Any CPU
		Release|Any CPU = Release|Any CPU
	EndGlobalSection
	GlobalSection(ProjectConfigurationPlatforms) = postSolution
		{FF1105A9-E6FF-463C-AFC6-CBE6AA601113}.Debug|Any CPU.ActiveCfg = Debug|Any CPU
		{FF1105A9-E6FF-463C-AFC6-CBE6AA601113}.Debug|Any CPU.Build.0 = Debug|Any CPU
		{FF1105A9-E6FF-463C-AFC6-CBE6AA601113}.Release|Any CPU.ActiveCfg = Release|Any CPU
		{FF1105A9-E6FF-463C-AFC6-CBE6AA601113}.Release|Any CPU.Build.0 = Release|Any CPU
	EndGlobalSection
	GlobalSection(SolutionProperties) = preSolution
		HideSolutionNode = FALSE
	EndGlobalSection
	GlobalSection(ExtensibilityGlobals) = postSolution
		SolutionGuid = {EFD130C8-3AF5-42F2-B0C0-E6B42387C186}
	EndGlobalSection
EndGlobal
